// !$*UTF8*$!
{
	archiveVersion = 1;
	classes = {
	};
	objectVersion = 56;
	objects = {

/* Begin PBXBuildFile section */
		3AADCD5C2B90F73D00BCA856 /* AppDelegate.swift in Sources */ = {isa = PBXBuildFile; fileRef = 3AADCD5B2B90F73D00BCA856 /* AppDelegate.swift */; };
		3AADCD5E2B90F73D00BCA856 /* SceneDelegate.swift in Sources */ = {isa = PBXBuildFile; fileRef = 3AADCD5D2B90F73D00BCA856 /* SceneDelegate.swift */; };
		3AADCD632B90F73D00BCA856 /* Main.storyboard in Resources */ = {isa = PBXBuildFile; fileRef = 3AADCD612B90F73D00BCA856 /* Main.storyboard */; };
		3AADCD652B90F73F00BCA856 /* Assets.xcassets in Resources */ = {isa = PBXBuildFile; fileRef = 3AADCD642B90F73F00BCA856 /* Assets.xcassets */; };
		3AADCD682B90F73F00BCA856 /* LaunchScreen.storyboard in Resources */ = {isa = PBXBuildFile; fileRef = 3AADCD662B90F73F00BCA856 /* LaunchScreen.storyboard */; };
		3AADCD732B90F73F00BCA856 /* QuantumCheckoutTests.swift in Sources */ = {isa = PBXBuildFile; fileRef = 3AADCD722B90F73F00BCA856 /* QuantumCheckoutTests.swift */; };
		3AADCD7D2B90F73F00BCA856 /* QuantumCheckoutUITests.swift in Sources */ = {isa = PBXBuildFile; fileRef = 3AADCD7C2B90F73F00BCA856 /* QuantumCheckoutUITests.swift */; };
		3AADCD7F2B90F73F00BCA856 /* QuantumCheckoutUITestsLaunchTests.swift in Sources */ = {isa = PBXBuildFile; fileRef = 3AADCD7E2B90F73F00BCA856 /* QuantumCheckoutUITestsLaunchTests.swift */; };
		3AADCD8C2B90FBC600BCA856 /* ItemsViewController.swift in Sources */ = {isa = PBXBuildFile; fileRef = 3AADCD8B2B90FBC600BCA856 /* ItemsViewController.swift */; };
		3AADCD8D2B90FBC700BCA856 /* ItemsViewController.swift in Sources */ = {isa = PBXBuildFile; fileRef = 3AADCD8B2B90FBC600BCA856 /* ItemsViewController.swift */; };
		3AADCD8E2B90FBC700BCA856 /* ItemsViewController.swift in Sources */ = {isa = PBXBuildFile; fileRef = 3AADCD8B2B90FBC600BCA856 /* ItemsViewController.swift */; };
		3AADCD902B90FCA500BCA856 /* Item.swift in Sources */ = {isa = PBXBuildFile; fileRef = 3AADCD8F2B90FCA500BCA856 /* Item.swift */; };
		3AADCD922B91056900BCA856 /* ItemStore.swift in Sources */ = {isa = PBXBuildFile; fileRef = 3AADCD912B91056900BCA856 /* ItemStore.swift */; };
		3AADCD942B9155A100BCA856 /* DetailViewController.swift in Sources */ = {isa = PBXBuildFile; fileRef = 3AADCD932B9155A100BCA856 /* DetailViewController.swift */; };
		3ACF729D2B93F9970064EEE0 /* HistoryViewController.swift in Sources */ = {isa = PBXBuildFile; fileRef = 3ACF729C2B93F9970064EEE0 /* HistoryViewController.swift */; };
/* End PBXBuildFile section */

/* Begin PBXContainerItemProxy section */
		3AADCD6F2B90F73F00BCA856 /* PBXContainerItemProxy */ = {
			isa = PBXContainerItemProxy;
			containerPortal = 3AADCD502B90F73D00BCA856 /* Project object */;
			proxyType = 1;
			remoteGlobalIDString = 3AADCD572B90F73D00BCA856;
			remoteInfo = QuantumCheckout;
		};
		3AADCD792B90F73F00BCA856 /* PBXContainerItemProxy */ = {
			isa = PBXContainerItemProxy;
			containerPortal = 3AADCD502B90F73D00BCA856 /* Project object */;
			proxyType = 1;
			remoteGlobalIDString = 3AADCD572B90F73D00BCA856;
			remoteInfo = QuantumCheckout;
		};
/* End PBXContainerItemProxy section */

/* Begin PBXFileReference section */
		3AADCD582B90F73D00BCA856 /* QuantumCheckout.app */ = {isa = PBXFileReference; explicitFileType = wrapper.application; includeInIndex = 0; path = QuantumCheckout.app; sourceTree = BUILT_PRODUCTS_DIR; };
		3AADCD5B2B90F73D00BCA856 /* AppDelegate.swift */ = {isa = PBXFileReference; lastKnownFileType = sourcecode.swift; path = AppDelegate.swift; sourceTree = "<group>"; };
		3AADCD5D2B90F73D00BCA856 /* SceneDelegate.swift */ = {isa = PBXFileReference; lastKnownFileType = sourcecode.swift; path = SceneDelegate.swift; sourceTree = "<group>"; };
		3AADCD622B90F73D00BCA856 /* Base */ = {isa = PBXFileReference; lastKnownFileType = file.storyboard; name = Base; path = Base.lproj/Main.storyboard; sourceTree = "<group>"; };
		3AADCD642B90F73F00BCA856 /* Assets.xcassets */ = {isa = PBXFileReference; lastKnownFileType = folder.assetcatalog; path = Assets.xcassets; sourceTree = "<group>"; };
		3AADCD672B90F73F00BCA856 /* Base */ = {isa = PBXFileReference; lastKnownFileType = file.storyboard; name = Base; path = Base.lproj/LaunchScreen.storyboard; sourceTree = "<group>"; };
		3AADCD692B90F73F00BCA856 /* Info.plist */ = {isa = PBXFileReference; lastKnownFileType = text.plist.xml; path = Info.plist; sourceTree = "<group>"; };
		3AADCD6E2B90F73F00BCA856 /* QuantumCheckoutTests.xctest */ = {isa = PBXFileReference; explicitFileType = wrapper.cfbundle; includeInIndex = 0; path = QuantumCheckoutTests.xctest; sourceTree = BUILT_PRODUCTS_DIR; };
		3AADCD722B90F73F00BCA856 /* QuantumCheckoutTests.swift */ = {isa = PBXFileReference; lastKnownFileType = sourcecode.swift; path = QuantumCheckoutTests.swift; sourceTree = "<group>"; };
		3AADCD782B90F73F00BCA856 /* QuantumCheckoutUITests.xctest */ = {isa = PBXFileReference; explicitFileType = wrapper.cfbundle; includeInIndex = 0; path = QuantumCheckoutUITests.xctest; sourceTree = BUILT_PRODUCTS_DIR; };
		3AADCD7C2B90F73F00BCA856 /* QuantumCheckoutUITests.swift */ = {isa = PBXFileReference; lastKnownFileType = sourcecode.swift; path = QuantumCheckoutUITests.swift; sourceTree = "<group>"; };
		3AADCD7E2B90F73F00BCA856 /* QuantumCheckoutUITestsLaunchTests.swift */ = {isa = PBXFileReference; lastKnownFileType = sourcecode.swift; path = QuantumCheckoutUITestsLaunchTests.swift; sourceTree = "<group>"; };
		3AADCD8B2B90FBC600BCA856 /* ItemsViewController.swift */ = {isa = PBXFileReference; lastKnownFileType = sourcecode.swift; path = ItemsViewController.swift; sourceTree = "<group>"; };
		3AADCD8F2B90FCA500BCA856 /* Item.swift */ = {isa = PBXFileReference; lastKnownFileType = sourcecode.swift; path = Item.swift; sourceTree = "<group>"; };
		3AADCD912B91056900BCA856 /* ItemStore.swift */ = {isa = PBXFileReference; lastKnownFileType = sourcecode.swift; path = ItemStore.swift; sourceTree = "<group>"; };
		3AADCD932B9155A100BCA856 /* DetailViewController.swift */ = {isa = PBXFileReference; lastKnownFileType = sourcecode.swift; path = DetailViewController.swift; sourceTree = "<group>"; };
		3ACF729C2B93F9970064EEE0 /* HistoryViewController.swift */ = {isa = PBXFileReference; lastKnownFileType = sourcecode.swift; path = HistoryViewController.swift; sourceTree = "<group>"; };
/* End PBXFileReference section */

/* Begin PBXFrameworksBuildPhase section */
		3AADCD552B90F73D00BCA856 /* Frameworks */ = {
			isa = PBXFrameworksBuildPhase;
			buildActionMask = 2147483647;
			files = (
			);
			runOnlyForDeploymentPostprocessing = 0;
		};
		3AADCD6B2B90F73F00BCA856 /* Frameworks */ = {
			isa = PBXFrameworksBuildPhase;
			buildActionMask = 2147483647;
			files = (
			);
			runOnlyForDeploymentPostprocessing = 0;
		};
		3AADCD752B90F73F00BCA856 /* Frameworks */ = {
			isa = PBXFrameworksBuildPhase;
			buildActionMask = 2147483647;
			files = (
			);
			runOnlyForDeploymentPostprocessing = 0;
		};
/* End PBXFrameworksBuildPhase section */

/* Begin PBXGroup section */
		3AADCD4F2B90F73D00BCA856 = {
			isa = PBXGroup;
			children = (
				3AADCD5A2B90F73D00BCA856 /* QuantumCheckout */,
				3AADCD712B90F73F00BCA856 /* QuantumCheckoutTests */,
				3AADCD7B2B90F73F00BCA856 /* QuantumCheckoutUITests */,
				3AADCD592B90F73D00BCA856 /* Products */,
			);
			sourceTree = "<group>";
		};
		3AADCD592B90F73D00BCA856 /* Products */ = {
			isa = PBXGroup;
			children = (
				3AADCD582B90F73D00BCA856 /* QuantumCheckout.app */,
				3AADCD6E2B90F73F00BCA856 /* QuantumCheckoutTests.xctest */,
				3AADCD782B90F73F00BCA856 /* QuantumCheckoutUITests.xctest */,
			);
			name = Products;
			sourceTree = "<group>";
		};
		3AADCD5A2B90F73D00BCA856 /* QuantumCheckout */ = {
			isa = PBXGroup;
			children = (
				3AADCD5B2B90F73D00BCA856 /* AppDelegate.swift */,
				3AADCD5D2B90F73D00BCA856 /* SceneDelegate.swift */,
				3AADCD8B2B90FBC600BCA856 /* ItemsViewController.swift */,
				3AADCD912B91056900BCA856 /* ItemStore.swift */,
				3AADCD932B9155A100BCA856 /* DetailViewController.swift */,
				3AADCD612B90F73D00BCA856 /* Main.storyboard */,
				3ACF729C2B93F9970064EEE0 /* HistoryViewController.swift */,
				3AADCD8F2B90FCA500BCA856 /* Item.swift */,
				3AADCD642B90F73F00BCA856 /* Assets.xcassets */,
				3AADCD662B90F73F00BCA856 /* LaunchScreen.storyboard */,
				3AADCD692B90F73F00BCA856 /* Info.plist */,
			);
			path = QuantumCheckout;
			sourceTree = "<group>";
		};
		3AADCD712B90F73F00BCA856 /* QuantumCheckoutTests */ = {
			isa = PBXGroup;
			children = (
				3AADCD722B90F73F00BCA856 /* QuantumCheckoutTests.swift */,
			);
			path = QuantumCheckoutTests;
			sourceTree = "<group>";
		};
		3AADCD7B2B90F73F00BCA856 /* QuantumCheckoutUITests */ = {
			isa = PBXGroup;
			children = (
				3AADCD7C2B90F73F00BCA856 /* QuantumCheckoutUITests.swift */,
				3AADCD7E2B90F73F00BCA856 /* QuantumCheckoutUITestsLaunchTests.swift */,
			);
			path = QuantumCheckoutUITests;
			sourceTree = "<group>";
		};
/* End PBXGroup section */

/* Begin PBXNativeTarget section */
		3AADCD572B90F73D00BCA856 /* QuantumCheckout */ = {
			isa = PBXNativeTarget;
			buildConfigurationList = 3AADCD822B90F73F00BCA856 /* Build configuration list for PBXNativeTarget "QuantumCheckout" */;
			buildPhases = (
				3AADCD542B90F73D00BCA856 /* Sources */,
				3AADCD552B90F73D00BCA856 /* Frameworks */,
				3AADCD562B90F73D00BCA856 /* Resources */,
			);
			buildRules = (
			);
			dependencies = (
			);
			name = QuantumCheckout;
			productName = QuantumCheckout;
			productReference = 3AADCD582B90F73D00BCA856 /* QuantumCheckout.app */;
			productType = "com.apple.product-type.application";
		};
		3AADCD6D2B90F73F00BCA856 /* QuantumCheckoutTests */ = {
			isa = PBXNativeTarget;
			buildConfigurationList = 3AADCD852B90F73F00BCA856 /* Build configuration list for PBXNativeTarget "QuantumCheckoutTests" */;
			buildPhases = (
				3AADCD6A2B90F73F00BCA856 /* Sources */,
				3AADCD6B2B90F73F00BCA856 /* Frameworks */,
				3AADCD6C2B90F73F00BCA856 /* Resources */,
			);
			buildRules = (
			);
			dependencies = (
				3AADCD702B90F73F00BCA856 /* PBXTargetDependency */,
			);
			name = QuantumCheckoutTests;
			productName = QuantumCheckoutTests;
			productReference = 3AADCD6E2B90F73F00BCA856 /* QuantumCheckoutTests.xctest */;
			productType = "com.apple.product-type.bundle.unit-test";
		};
		3AADCD772B90F73F00BCA856 /* QuantumCheckoutUITests */ = {
			isa = PBXNativeTarget;
			buildConfigurationList = 3AADCD882B90F73F00BCA856 /* Build configuration list for PBXNativeTarget "QuantumCheckoutUITests" */;
			buildPhases = (
				3AADCD742B90F73F00BCA856 /* Sources */,
				3AADCD752B90F73F00BCA856 /* Frameworks */,
				3AADCD762B90F73F00BCA856 /* Resources */,
			);
			buildRules = (
			);
			dependencies = (
				3AADCD7A2B90F73F00BCA856 /* PBXTargetDependency */,
			);
			name = QuantumCheckoutUITests;
			productName = QuantumCheckoutUITests;
			productReference = 3AADCD782B90F73F00BCA856 /* QuantumCheckoutUITests.xctest */;
			productType = "com.apple.product-type.bundle.ui-testing";
		};
/* End PBXNativeTarget section */

/* Begin PBXProject section */
		3AADCD502B90F73D00BCA856 /* Project object */ = {
			isa = PBXProject;
			attributes = {
				BuildIndependentTargetsInParallel = 1;
				LastSwiftUpdateCheck = 1520;
				LastUpgradeCheck = 1520;
				TargetAttributes = {
					3AADCD572B90F73D00BCA856 = {
						CreatedOnToolsVersion = 15.2;
					};
					3AADCD6D2B90F73F00BCA856 = {
						CreatedOnToolsVersion = 15.2;
						TestTargetID = 3AADCD572B90F73D00BCA856;
					};
					3AADCD772B90F73F00BCA856 = {
						CreatedOnToolsVersion = 15.2;
						TestTargetID = 3AADCD572B90F73D00BCA856;
					};
				};
			};
			buildConfigurationList = 3AADCD532B90F73D00BCA856 /* Build configuration list for PBXProject "QuantumCheckout" */;
			compatibilityVersion = "Xcode 14.0";
			developmentRegion = en;
			hasScannedForEncodings = 0;
			knownRegions = (
				en,
				Base,
			);
			mainGroup = 3AADCD4F2B90F73D00BCA856;
			productRefGroup = 3AADCD592B90F73D00BCA856 /* Products */;
			projectDirPath = "";
			projectRoot = "";
			targets = (
				3AADCD572B90F73D00BCA856 /* QuantumCheckout */,
				3AADCD6D2B90F73F00BCA856 /* QuantumCheckoutTests */,
				3AADCD772B90F73F00BCA856 /* QuantumCheckoutUITests */,
			);
		};
/* End PBXProject section */

/* Begin PBXResourcesBuildPhase section */
		3AADCD562B90F73D00BCA856 /* Resources */ = {
			isa = PBXResourcesBuildPhase;
			buildActionMask = 2147483647;
			files = (
				3AADCD682B90F73F00BCA856 /* LaunchScreen.storyboard in Resources */,
				3AADCD652B90F73F00BCA856 /* Assets.xcassets in Resources */,
				3AADCD632B90F73D00BCA856 /* Main.storyboard in Resources */,
			);
			runOnlyForDeploymentPostprocessing = 0;
		};
		3AADCD6C2B90F73F00BCA856 /* Resources */ = {
			isa = PBXResourcesBuildPhase;
			buildActionMask = 2147483647;
			files = (
			);
			runOnlyForDeploymentPostprocessing = 0;
		};
		3AADCD762B90F73F00BCA856 /* Resources */ = {
			isa = PBXResourcesBuildPhase;
			buildActionMask = 2147483647;
			files = (
			);
			runOnlyForDeploymentPostprocessing = 0;
		};
/* End PBXResourcesBuildPhase section */

/* Begin PBXSourcesBuildPhase section */
		3AADCD542B90F73D00BCA856 /* Sources */ = {
			isa = PBXSourcesBuildPhase;
			buildActionMask = 2147483647;
			files = (
				3AADCD902B90FCA500BCA856 /* Item.swift in Sources */,
				3AADCD5C2B90F73D00BCA856 /* AppDelegate.swift in Sources */,
				3AADCD8C2B90FBC600BCA856 /* ItemsViewController.swift in Sources */,
				3AADCD942B9155A100BCA856 /* DetailViewController.swift in Sources */,
				3AADCD922B91056900BCA856 /* ItemStore.swift in Sources */,
				3ACF729D2B93F9970064EEE0 /* HistoryViewController.swift in Sources */,
				3AADCD5E2B90F73D00BCA856 /* SceneDelegate.swift in Sources */,
			);
			runOnlyForDeploymentPostprocessing = 0;
		};
		3AADCD6A2B90F73F00BCA856 /* Sources */ = {
			isa = PBXSourcesBuildPhase;
			buildActionMask = 2147483647;
			files = (
				3AADCD732B90F73F00BCA856 /* QuantumCheckoutTests.swift in Sources */,
				3AADCD8D2B90FBC700BCA856 /* ItemsViewController.swift in Sources */,
			);
			runOnlyForDeploymentPostprocessing = 0;
		};
		3AADCD742B90F73F00BCA856 /* Sources */ = {
			isa = PBXSourcesBuildPhase;
			buildActionMask = 2147483647;
			files = (
				3AADCD7F2B90F73F00BCA856 /* QuantumCheckoutUITestsLaunchTests.swift in Sources */,
				3AADCD8E2B90FBC700BCA856 /* ItemsViewController.swift in Sources */,
				3AADCD7D2B90F73F00BCA856 /* QuantumCheckoutUITests.swift in Sources */,
			);
			runOnlyForDeploymentPostprocessing = 0;
		};
/* End PBXSourcesBuildPhase section */

/* Begin PBXTargetDependency section */
		3AADCD702B90F73F00BCA856 /* PBXTargetDependency */ = {
			isa = PBXTargetDependency;
			target = 3AADCD572B90F73D00BCA856 /* QuantumCheckout */;
			targetProxy = 3AADCD6F2B90F73F00BCA856 /* PBXContainerItemProxy */;
		};
		3AADCD7A2B90F73F00BCA856 /* PBXTargetDependency */ = {
			isa = PBXTargetDependency;
			target = 3AADCD572B90F73D00BCA856 /* QuantumCheckout */;
			targetProxy = 3AADCD792B90F73F00BCA856 /* PBXContainerItemProxy */;
		};
/* End PBXTargetDependency section */

/* Begin PBXVariantGroup section */
		3AADCD612B90F73D00BCA856 /* Main.storyboard */ = {
			isa = PBXVariantGroup;
			children = (
				3AADCD622B90F73D00BCA856 /* Base */,
			);
			name = Main.storyboard;
			sourceTree = "<group>";
		};
		3AADCD662B90F73F00BCA856 /* LaunchScreen.storyboard */ = {
			isa = PBXVariantGroup;
			children = (
				3AADCD672B90F73F00BCA856 /* Base */,
			);
			name = LaunchScreen.storyboard;
			sourceTree = "<group>";
		};
/* End PBXVariantGroup section */

/* Begin XCBuildConfiguration section */
		3AADCD802B90F73F00BCA856 /* Debug */ = {
			isa = XCBuildConfiguration;
			buildSettings = {
				ALWAYS_SEARCH_USER_PATHS = NO;
				ASSETCATALOG_COMPILER_GENERATE_SWIFT_ASSET_SYMBOL_EXTENSIONS = YES;
				CLANG_ANALYZER_NONNULL = YES;
				CLANG_ANALYZER_NUMBER_OBJECT_CONVERSION = YES_AGGRESSIVE;
				CLANG_CXX_LANGUAGE_STANDARD = "gnu++20";
				CLANG_ENABLE_MODULES = YES;
				CLANG_ENABLE_OBJC_ARC = YES;
				CLANG_ENABLE_OBJC_WEAK = YES;
				CLANG_WARN_BLOCK_CAPTURE_AUTORELEASING = YES;
				CLANG_WARN_BOOL_CONVERSION = YES;
				CLANG_WARN_COMMA = YES;
				CLANG_WARN_CONSTANT_CONVERSION = YES;
				CLANG_WARN_DEPRECATED_OBJC_IMPLEMENTATIONS = YES;
				CLANG_WARN_DIRECT_OBJC_ISA_USAGE = YES_ERROR;
				CLANG_WARN_DOCUMENTATION_COMMENTS = YES;
				CLANG_WARN_EMPTY_BODY = YES;
				CLANG_WARN_ENUM_CONVERSION = YES;
				CLANG_WARN_INFINITE_RECURSION = YES;
				CLANG_WARN_INT_CONVERSION = YES;
				CLANG_WARN_NON_LITERAL_NULL_CONVERSION = YES;
				CLANG_WARN_OBJC_IMPLICIT_RETAIN_SELF = YES;
				CLANG_WARN_OBJC_LITERAL_CONVERSION = YES;
				CLANG_WARN_OBJC_ROOT_CLASS = YES_ERROR;
				CLANG_WARN_QUOTED_INCLUDE_IN_FRAMEWORK_HEADER = YES;
				CLANG_WARN_RANGE_LOOP_ANALYSIS = YES;
				CLANG_WARN_STRICT_PROTOTYPES = YES;
				CLANG_WARN_SUSPICIOUS_MOVE = YES;
				CLANG_WARN_UNGUARDED_AVAILABILITY = YES_AGGRESSIVE;
				CLANG_WARN_UNREACHABLE_CODE = YES;
				CLANG_WARN__DUPLICATE_METHOD_MATCH = YES;
				COPY_PHASE_STRIP = NO;
				DEBUG_INFORMATION_FORMAT = dwarf;
				ENABLE_STRICT_OBJC_MSGSEND = YES;
				ENABLE_TESTABILITY = YES;
				ENABLE_USER_SCRIPT_SANDBOXING = YES;
				GCC_C_LANGUAGE_STANDARD = gnu17;
				GCC_DYNAMIC_NO_PIC = NO;
				GCC_NO_COMMON_BLOCKS = YES;
				GCC_OPTIMIZATION_LEVEL = 0;
				GCC_PREPROCESSOR_DEFINITIONS = (
					"DEBUG=1",
					"$(inherited)",
				);
				GCC_WARN_64_TO_32_BIT_CONVERSION = YES;
				GCC_WARN_ABOUT_RETURN_TYPE = YES_ERROR;
				GCC_WARN_UNDECLARED_SELECTOR = YES;
				GCC_WARN_UNINITIALIZED_AUTOS = YES_AGGRESSIVE;
				GCC_WARN_UNUSED_FUNCTION = YES;
				GCC_WARN_UNUSED_VARIABLE = YES;
				IPHONEOS_DEPLOYMENT_TARGET = 17.2;
				LOCALIZATION_PREFERS_STRING_CATALOGS = YES;
				MTL_ENABLE_DEBUG_INFO = INCLUDE_SOURCE;
				MTL_FAST_MATH = YES;
				ONLY_ACTIVE_ARCH = YES;
				SDKROOT = iphoneos;
				SWIFT_ACTIVE_COMPILATION_CONDITIONS = "DEBUG $(inherited)";
				SWIFT_OPTIMIZATION_LEVEL = "-Onone";
			};
			name = Debug;
		};
		3AADCD812B90F73F00BCA856 /* Release */ = {
			isa = XCBuildConfiguration;
			buildSettings = {
				ALWAYS_SEARCH_USER_PATHS = NO;
				ASSETCATALOG_COMPILER_GENERATE_SWIFT_ASSET_SYMBOL_EXTENSIONS = YES;
				CLANG_ANALYZER_NONNULL = YES;
				CLANG_ANALYZER_NUMBER_OBJECT_CONVERSION = YES_AGGRESSIVE;
				CLANG_CXX_LANGUAGE_STANDARD = "gnu++20";
				CLANG_ENABLE_MODULES = YES;
				CLANG_ENABLE_OBJC_ARC = YES;
				CLANG_ENABLE_OBJC_WEAK = YES;
				CLANG_WARN_BLOCK_CAPTURE_AUTORELEASING = YES;
				CLANG_WARN_BOOL_CONVERSION = YES;
				CLANG_WARN_COMMA = YES;
				CLANG_WARN_CONSTANT_CONVERSION = YES;
				CLANG_WARN_DEPRECATED_OBJC_IMPLEMENTATIONS = YES;
				CLANG_WARN_DIRECT_OBJC_ISA_USAGE = YES_ERROR;
				CLANG_WARN_DOCUMENTATION_COMMENTS = YES;
				CLANG_WARN_EMPTY_BODY = YES;
				CLANG_WARN_ENUM_CONVERSION = YES;
				CLANG_WARN_INFINITE_RECURSION = YES;
				CLANG_WARN_INT_CONVERSION = YES;
				CLANG_WARN_NON_LITERAL_NULL_CONVERSION = YES;
				CLANG_WARN_OBJC_IMPLICIT_RETAIN_SELF = YES;
				CLANG_WARN_OBJC_LITERAL_CONVERSION = YES;
				CLANG_WARN_OBJC_ROOT_CLASS = YES_ERROR;
				CLANG_WARN_QUOTED_INCLUDE_IN_FRAMEWORK_HEADER = YES;
				CLANG_WARN_RANGE_LOOP_ANALYSIS = YES;
				CLANG_WARN_STRICT_PROTOTYPES = YES;
				CLANG_WARN_SUSPICIOUS_MOVE = YES;
				CLANG_WARN_UNGUARDED_AVAILABILITY = YES_AGGRESSIVE;
				CLANG_WARN_UNREACHABLE_CODE = YES;
				CLANG_WARN__DUPLICATE_METHOD_MATCH = YES;
				COPY_PHASE_STRIP = NO;
				DEBUG_INFORMATION_FORMAT = "dwarf-with-dsym";
				ENABLE_NS_ASSERTIONS = NO;
				ENABLE_STRICT_OBJC_MSGSEND = YES;
				ENABLE_USER_SCRIPT_SANDBOXING = YES;
				GCC_C_LANGUAGE_STANDARD = gnu17;
				GCC_NO_COMMON_BLOCKS = YES;
				GCC_WARN_64_TO_32_BIT_CONVERSION = YES;
				GCC_WARN_ABOUT_RETURN_TYPE = YES_ERROR;
				GCC_WARN_UNDECLARED_SELECTOR = YES;
				GCC_WARN_UNINITIALIZED_AUTOS = YES_AGGRESSIVE;
				GCC_WARN_UNUSED_FUNCTION = YES;
				GCC_WARN_UNUSED_VARIABLE = YES;
				IPHONEOS_DEPLOYMENT_TARGET = 17.2;
				LOCALIZATION_PREFERS_STRING_CATALOGS = YES;
				MTL_ENABLE_DEBUG_INFO = NO;
				MTL_FAST_MATH = YES;
				SDKROOT = iphoneos;
				SWIFT_COMPILATION_MODE = wholemodule;
				VALIDATE_PRODUCT = YES;
			};
			name = Release;
		};
		3AADCD832B90F73F00BCA856 /* Debug */ = {
			isa = XCBuildConfiguration;
			buildSettings = {
				ASSETCATALOG_COMPILER_APPICON_NAME = AppIcon;
				ASSETCATALOG_COMPILER_GLOBAL_ACCENT_COLOR_NAME = AccentColor;
				CODE_SIGN_STYLE = Automatic;
				CURRENT_PROJECT_VERSION = 1;
				DEVELOPMENT_TEAM = 7XYF2Z5FKX;
				GENERATE_INFOPLIST_FILE = YES;
				INFOPLIST_FILE = QuantumCheckout/Info.plist;
				INFOPLIST_KEY_UIApplicationSupportsIndirectInputEvents = YES;
				INFOPLIST_KEY_UILaunchStoryboardName = LaunchScreen;
				INFOPLIST_KEY_UIMainStoryboardFile = Main;
				INFOPLIST_KEY_UISupportedInterfaceOrientations_iPad = "UIInterfaceOrientationPortrait UIInterfaceOrientationPortraitUpsideDown UIInterfaceOrientationLandscapeLeft UIInterfaceOrientationLandscapeRight";
				INFOPLIST_KEY_UISupportedInterfaceOrientations_iPhone = "UIInterfaceOrientationPortrait UIInterfaceOrientationLandscapeLeft UIInterfaceOrientationLandscapeRight";
				LD_RUNPATH_SEARCH_PATHS = (
					"$(inherited)",
					"@executable_path/Frameworks",
				);
				MARKETING_VERSION = 1.0;
				PRODUCT_BUNDLE_IDENTIFIER = "Hamit-Sehjal.QuantumCheckout";
				PRODUCT_NAME = "$(TARGET_NAME)";
				SWIFT_EMIT_LOC_STRINGS = YES;
				SWIFT_VERSION = 5.0;
				TARGETED_DEVICE_FAMILY = "1,2";
			};
			name = Debug;
		};
		3AADCD842B90F73F00BCA856 /* Release */ = {
			isa = XCBuildConfiguration;
			buildSettings = {
				ASSETCATALOG_COMPILER_APPICON_NAME = AppIcon;
				ASSETCATALOG_COMPILER_GLOBAL_ACCENT_COLOR_NAME = AccentColor;
				CODE_SIGN_STYLE = Automatic;
				CURRENT_PROJECT_VERSION = 1;
				DEVELOPMENT_TEAM = 7XYF2Z5FKX;
				GENERATE_INFOPLIST_FILE = YES;
				INFOPLIST_FILE = QuantumCheckout/Info.plist;
				INFOPLIST_KEY_UIApplicationSupportsIndirectInputEvents = YES;
				INFOPLIST_KEY_UILaunchStoryboardName = LaunchScreen;
				INFOPLIST_KEY_UIMainStoryboardFile = Main;
				INFOPLIST_KEY_UISupportedInterfaceOrientations_iPad = "UIInterfaceOrientationPortrait UIInterfaceOrientationPortraitUpsideDown UIInterfaceOrientationLandscapeLeft UIInterfaceOrientationLandscapeRight";
				INFOPLIST_KEY_UISupportedInterfaceOrientations_iPhone = "UIInterfaceOrientationPortrait UIInterfaceOrientationLandscapeLeft UIInterfaceOrientationLandscapeRight";
				LD_RUNPATH_SEARCH_PATHS = (
					"$(inherited)",
					"@executable_path/Frameworks",
				);
				MARKETING_VERSION = 1.0;
				PRODUCT_BUNDLE_IDENTIFIER = "Hamit-Sehjal.QuantumCheckout";
				PRODUCT_NAME = "$(TARGET_NAME)";
				SWIFT_EMIT_LOC_STRINGS = YES;
				SWIFT_VERSION = 5.0;
				TARGETED_DEVICE_FAMILY = "1,2";
			};
			name = Release;
		};
		3AADCD862B90F73F00BCA856 /* Debug */ = {
			isa = XCBuildConfiguration;
			buildSettings = {
				ALWAYS_EMBED_SWIFT_STANDARD_LIBRARIES = YES;
				BUNDLE_LOADER = "$(TEST_HOST)";
				CODE_SIGN_STYLE = Automatic;
				CURRENT_PROJECT_VERSION = 1;
				DEVELOPMENT_TEAM = 7XYF2Z5FKX;
				GENERATE_INFOPLIST_FILE = YES;
				IPHONEOS_DEPLOYMENT_TARGET = 17.2;
				MARKETING_VERSION = 1.0;
				PRODUCT_BUNDLE_IDENTIFIER = "Hamit-Sehjal.QuantumCheckoutTests";
				PRODUCT_NAME = "$(TARGET_NAME)";
				SWIFT_EMIT_LOC_STRINGS = NO;
				SWIFT_VERSION = 5.0;
				TARGETED_DEVICE_FAMILY = "1,2";
				TEST_HOST = "$(BUILT_PRODUCTS_DIR)/QuantumCheckout.app/$(BUNDLE_EXECUTABLE_FOLDER_PATH)/QuantumCheckout";
			};
			name = Debug;
		};
		3AADCD872B90F73F00BCA856 /* Release */ = {
			isa = XCBuildConfiguration;
			buildSettings = {
				ALWAYS_EMBED_SWIFT_STANDARD_LIBRARIES = YES;
				BUNDLE_LOADER = "$(TEST_HOST)";
				CODE_SIGN_STYLE = Automatic;
				CURRENT_PROJECT_VERSION = 1;
				DEVELOPMENT_TEAM = 7XYF2Z5FKX;
				GENERATE_INFOPLIST_FILE = YES;
				IPHONEOS_DEPLOYMENT_TARGET = 17.2;
				MARKETING_VERSION = 1.0;
				PRODUCT_BUNDLE_IDENTIFIER = "Hamit-Sehjal.QuantumCheckoutTests";
				PRODUCT_NAME = "$(TARGET_NAME)";
				SWIFT_EMIT_LOC_STRINGS = NO;
				SWIFT_VERSION = 5.0;
				TARGETED_DEVICE_FAMILY = "1,2";
				TEST_HOST = "$(BUILT_PRODUCTS_DIR)/QuantumCheckout.app/$(BUNDLE_EXECUTABLE_FOLDER_PATH)/QuantumCheckout";
			};
			name = Release;
		};
		3AADCD892B90F73F00BCA856 /* Debug */ = {
			isa = XCBuildConfiguration;
			buildSettings = {
				ALWAYS_EMBED_SWIFT_STANDARD_LIBRARIES = YES;
				CODE_SIGN_STYLE = Automatic;
				CURRENT_PROJECT_VERSION = 1;
				DEVELOPMENT_TEAM = 7XYF2Z5FKX;
				GENERATE_INFOPLIST_FILE = YES;
				MARKETING_VERSION = 1.0;
				PRODUCT_BUNDLE_IDENTIFIER = "Hamit-Sehjal.QuantumCheckoutUITests";
				PRODUCT_NAME = "$(TARGET_NAME)";
				SWIFT_EMIT_LOC_STRINGS = NO;
				SWIFT_VERSION = 5.0;
				TARGETED_DEVICE_FAMILY = "1,2";
				TEST_TARGET_NAME = QuantumCheckout;
			};
			name = Debug;
		};
		3AADCD8A2B90F73F00BCA856 /* Release */ = {
			isa = XCBuildConfiguration;
			buildSettings = {
				ALWAYS_EMBED_SWIFT_STANDARD_LIBRARIES = YES;
				CODE_SIGN_STYLE = Automatic;
				CURRENT_PROJECT_VERSION = 1;
				DEVELOPMENT_TEAM = 7XYF2Z5FKX;
				GENERATE_INFOPLIST_FILE = YES;
				MARKETING_VERSION = 1.0;
				PRODUCT_BUNDLE_IDENTIFIER = "Hamit-Sehjal.QuantumCheckoutUITests";
				PRODUCT_NAME = "$(TARGET_NAME)";
				SWIFT_EMIT_LOC_STRINGS = NO;
				SWIFT_VERSION = 5.0;
				TARGETED_DEVICE_FAMILY = "1,2";
				TEST_TARGET_NAME = QuantumCheckout;
			};
			name = Release;
		};
/* End XCBuildConfiguration section */

/* Begin XCConfigurationList section */
		3AADCD532B90F73D00BCA856 /* Build configuration list for PBXProject "QuantumCheckout" */ = {
			isa = XCConfigurationList;
			buildConfigurations = (
				3AADCD802B90F73F00BCA856 /* Debug */,
				3AADCD812B90F73F00BCA856 /* Release */,
			);
			defaultConfigurationIsVisible = 0;
			defaultConfigurationName = Release;
		};
		3AADCD822B90F73F00BCA856 /* Build configuration list for PBXNativeTarget "QuantumCheckout" */ = {
			isa = XCConfigurationList;
			buildConfigurations = (
				3AADCD832B90F73F00BCA856 /* Debug */,
				3AADCD842B90F73F00BCA856 /* Release */,
			);
			defaultConfigurationIsVisible = 0;
			defaultConfigurationName = Release;
		};
		3AADCD852B90F73F00BCA856 /* Build configuration list for PBXNativeTarget "QuantumCheckoutTests" */ = {
			isa = XCConfigurationList;
			buildConfigurations = (
				3AADCD862B90F73F00BCA856 /* Debug */,
				3AADCD872B90F73F00BCA856 /* Release */,
			);
			defaultConfigurationIsVisible = 0;
			defaultConfigurationName = Release;
		};
		3AADCD882B90F73F00BCA856 /* Build configuration list for PBXNativeTarget "QuantumCheckoutUITests" */ = {
			isa = XCConfigurationList;
			buildConfigurations = (
				3AADCD892B90F73F00BCA856 /* Debug */,
				3AADCD8A2B90F73F00BCA856 /* Release */,
			);
			defaultConfigurationIsVisible = 0;
			defaultConfigurationName = Release;
		};
/* End XCConfigurationList section */
	};
	rootObject = 3AADCD502B90F73D00BCA856 /* Project object */;
}
